
Microsoft Visual Studio Solution File, Format Version 12.00
# Visual Studio Version 16
VisualStudioVersion = 25.0.1704.3
MinimumVisualStudioVersion = 10.0.40219.1
Project("{FAE04EC0-301F-11D3-BF4B-00C04F79EFBC}") = "exercise", "exercise\exercise.csproj", "{38112643-A85D-4BA8-A5B1-2F4848A42981}"
EndProject
Global
	GlobalSection(SolutionConfigurationPlatforms) = preSolution
		Debug|Any CPU = Debug|Any CPU
		Release|Any CPU = Release|Any CPU
	EndGlobalSection
	GlobalSection(ProjectConfigurationPlatforms) = postSolution
		{38112643-A85D-4BA8-A5B1-2F4848A42981}.Debug|Any CPU.ActiveCfg = Debug|Any CPU
		{38112643-A85D-4BA8-A5B1-2F4848A42981}.Debug|Any CPU.Build.0 = Debug|Any CPU
		{38112643-A85D-4BA8-A5B1-2F4848A42981}.Release|Any CPU.ActiveCfg = Release|Any CPU
		{38112643-A85D-4BA8-A5B1-2F4848A42981}.Release|Any CPU.Build.0 = Release|Any CPU
	EndGlobalSection
	GlobalSection(SolutionProperties) = preSolution
		HideSolutionNode = FALSE
	EndGlobalSection
	GlobalSection(ExtensibilityGlobals) = postSolution
		SolutionGuid = {0B8CC025-1CB5-447D-8969-76B5A8BE7F31}
	EndGlobalSection
EndGlobal
